// !$*UTF8*$!
{
	archiveVersion = 1;
	classes = {
	};
	objectVersion = 50;
	objects = {

/* Begin PBXBuildFile section */
		D302DDA12555C4F60050E01E /* Binding+Extensions.swift in Sources */ = {isa = PBXBuildFile; fileRef = D302DDA02555C4F60050E01E /* Binding+Extensions.swift */; };
		D302DDA42555F1B20050E01E /* ProjectHeaderView.swift in Sources */ = {isa = PBXBuildFile; fileRef = D302DDA32555F1B20050E01E /* ProjectHeaderView.swift */; };
		D302DDCE2555F56D0050E01E /* Colors.xcassets in Resources */ = {isa = PBXBuildFile; fileRef = D302DDCD2555F56D0050E01E /* Colors.xcassets */; };
		D312DCBF2579806E00F1CB4E /* Color+Extensions.swift in Sources */ = {isa = PBXBuildFile; fileRef = D312DCBE2579806E00F1CB4E /* Color+Extensions.swift */; };
		D3131A0E25BCD606004C9670 /* ProjectTests.swift in Sources */ = {isa = PBXBuildFile; fileRef = D3131A0D25BCD606004C9670 /* ProjectTests.swift */; };
		D3131A1425BCD9C9004C9670 /* ProcessInfo+Extensions.swift in Sources */ = {isa = PBXBuildFile; fileRef = D3131A1325BCD9C9004C9670 /* ProcessInfo+Extensions.swift */; };
		D3131A1A25BCDD19004C9670 /* AwardTests.swift in Sources */ = {isa = PBXBuildFile; fileRef = D3131A1925BCDD19004C9670 /* AwardTests.swift */; };
		D313C8A72566FE0000D76302 /* Sequence+Extensions.swift in Sources */ = {isa = PBXBuildFile; fileRef = D313C8A62566FE0000D76302 /* Sequence+Extensions.swift */; };
		D33FF7F7254784F2000682AB /* UltimatePortfolioApp.swift in Sources */ = {isa = PBXBuildFile; fileRef = D33FF7F6254784F2000682AB /* UltimatePortfolioApp.swift */; };
		D33FF7F9254784F2000682AB /* ContentView.swift in Sources */ = {isa = PBXBuildFile; fileRef = D33FF7F8254784F2000682AB /* ContentView.swift */; };
		D33FF7FB254784F3000682AB /* Assets.xcassets in Resources */ = {isa = PBXBuildFile; fileRef = D33FF7FA254784F3000682AB /* Assets.xcassets */; };
		D33FF7FE254784F3000682AB /* Preview Assets.xcassets in Resources */ = {isa = PBXBuildFile; fileRef = D33FF7FD254784F3000682AB /* Preview Assets.xcassets */; };
		D33FF80825478516000682AB /* 1XcodeWarnings.xcconfig in Resources */ = {isa = PBXBuildFile; fileRef = D33FF80725478516000682AB /* 1XcodeWarnings.xcconfig */; };
		D365A52C254B23170039247B /* HomeView.swift in Sources */ = {isa = PBXBuildFile; fileRef = D365A52B254B23170039247B /* HomeView.swift */; };
		D365A52F254B23CB0039247B /* ProjectsView.swift in Sources */ = {isa = PBXBuildFile; fileRef = D365A52E254B23CA0039247B /* ProjectsView.swift */; };
		D3726DCF25533383004B281F /* Item+CoreDataHelpers.swift in Sources */ = {isa = PBXBuildFile; fileRef = D3726DCE25533383004B281F /* Item+CoreDataHelpers.swift */; };
		D3726DD22553338B004B281F /* Project+CoreDataHelpers.swift in Sources */ = {isa = PBXBuildFile; fileRef = D3726DD12553338B004B281F /* Project+CoreDataHelpers.swift */; };
		D378A353254A03900056EC66 /* Main.xcdatamodeld in Sources */ = {isa = PBXBuildFile; fileRef = D378A351254A03900056EC66 /* Main.xcdatamodeld */; };
		D378A358254A09420056EC66 /* DataController.swift in Sources */ = {isa = PBXBuildFile; fileRef = D378A357254A09420056EC66 /* DataController.swift */; };
		D378A35E254A11FB0056EC66 /* CloudKit.framework in Frameworks */ = {isa = PBXBuildFile; fileRef = D378A35D254A11FB0056EC66 /* CloudKit.framework */; };
		D3A42BC7257EF14500AEA544 /* Localizable.strings in Resources */ = {isa = PBXBuildFile; fileRef = D3A42BC9257EF14500AEA544 /* Localizable.strings */; };
		D3A42BCC257EF1C900AEA544 /* Localizable.stringsdict in Resources */ = {isa = PBXBuildFile; fileRef = D3A42BCE257EF1C900AEA544 /* Localizable.stringsdict */; };
		D3A42BD2257EF34B00AEA544 /* Awards.json in Resources */ = {isa = PBXBuildFile; fileRef = D3A42BD4257EF34B00AEA544 /* Awards.json */; };
		D3A6D60B258179D500AA3B69 /* ItemListView.swift in Sources */ = {isa = PBXBuildFile; fileRef = D3A6D60A258179D500AA3B69 /* ItemListView.swift */; };
		D3A6D60E25817ED600AA3B69 /* ProjectSummaryView.swift in Sources */ = {isa = PBXBuildFile; fileRef = D3A6D60D25817ED600AA3B69 /* ProjectSummaryView.swift */; };
		D3C90A1A25547A3200E3F485 /* EditItemView.swift in Sources */ = {isa = PBXBuildFile; fileRef = D3C90A1925547A3200E3F485 /* EditItemView.swift */; };
		D3C90A1D25547FA500E3F485 /* ItemRowView.swift in Sources */ = {isa = PBXBuildFile; fileRef = D3C90A1C25547FA500E3F485 /* ItemRowView.swift */; };
		D3D074EA255A0F36008F0652 /* EditProjectView.swift in Sources */ = {isa = PBXBuildFile; fileRef = D3D074E9255A0F36008F0652 /* EditProjectView.swift */; };
		D3DD42F9256876E300E4B742 /* SelectSomethingView.swift in Sources */ = {isa = PBXBuildFile; fileRef = D3DD42F8256876E300E4B742 /* SelectSomethingView.swift */; };
		D3DD42FF25687C5600E4B742 /* Bundle+Extensions.swift in Sources */ = {isa = PBXBuildFile; fileRef = D3DD42FE25687C5600E4B742 /* Bundle+Extensions.swift */; };
		D3DD430325687DA000E4B742 /* Award.swift in Sources */ = {isa = PBXBuildFile; fileRef = D3DD430225687DA000E4B742 /* Award.swift */; };
		D3DD430625687E2700E4B742 /* AwardsView.swift in Sources */ = {isa = PBXBuildFile; fileRef = D3DD430525687E2700E4B742 /* AwardsView.swift */; };
		D3E13C6B25B6534700400A21 /* BaseTestCase.swift in Sources */ = {isa = PBXBuildFile; fileRef = D3E13C6A25B6534700400A21 /* BaseTestCase.swift */; };
		D3E13C7725B6560300400A21 /* AssetTests.swift in Sources */ = {isa = PBXBuildFile; fileRef = D3E13C7625B6560300400A21 /* AssetTests.swift */; };
/* End PBXBuildFile section */

/* Begin PBXContainerItemProxy section */
		D3E13C6D25B6534700400A21 /* PBXContainerItemProxy */ = {
			isa = PBXContainerItemProxy;
			containerPortal = D33FF7EB254784F2000682AB /* Project object */;
			proxyType = 1;
			remoteGlobalIDString = D33FF7F2254784F2000682AB;
			remoteInfo = UltimatePortfolio;
		};
/* End PBXContainerItemProxy section */

/* Begin PBXFileReference section */
		D302DDA02555C4F60050E01E /* Binding+Extensions.swift */ = {isa = PBXFileReference; lastKnownFileType = sourcecode.swift; path = "Binding+Extensions.swift"; sourceTree = "<group>"; };
		D302DDA32555F1B20050E01E /* ProjectHeaderView.swift */ = {isa = PBXFileReference; lastKnownFileType = sourcecode.swift; path = ProjectHeaderView.swift; sourceTree = "<group>"; };
		D302DDCD2555F56D0050E01E /* Colors.xcassets */ = {isa = PBXFileReference; lastKnownFileType = folder.assetcatalog; path = Colors.xcassets; sourceTree = "<group>"; };
		D312DCBE2579806E00F1CB4E /* Color+Extensions.swift */ = {isa = PBXFileReference; lastKnownFileType = sourcecode.swift; path = "Color+Extensions.swift"; sourceTree = "<group>"; };
		D3131A0D25BCD606004C9670 /* ProjectTests.swift */ = {isa = PBXFileReference; lastKnownFileType = sourcecode.swift; path = ProjectTests.swift; sourceTree = "<group>"; };
		D3131A1325BCD9C9004C9670 /* ProcessInfo+Extensions.swift */ = {isa = PBXFileReference; lastKnownFileType = sourcecode.swift; path = "ProcessInfo+Extensions.swift"; sourceTree = "<group>"; };
		D3131A1925BCDD19004C9670 /* AwardTests.swift */ = {isa = PBXFileReference; lastKnownFileType = sourcecode.swift; path = AwardTests.swift; sourceTree = "<group>"; };
		D313C8A62566FE0000D76302 /* Sequence+Extensions.swift */ = {isa = PBXFileReference; lastKnownFileType = sourcecode.swift; path = "Sequence+Extensions.swift"; sourceTree = "<group>"; };
		D33FF7F3254784F2000682AB /* UltimatePortfolio.app */ = {isa = PBXFileReference; explicitFileType = wrapper.application; includeInIndex = 0; path = UltimatePortfolio.app; sourceTree = BUILT_PRODUCTS_DIR; };
		D33FF7F6254784F2000682AB /* UltimatePortfolioApp.swift */ = {isa = PBXFileReference; lastKnownFileType = sourcecode.swift; path = UltimatePortfolioApp.swift; sourceTree = "<group>"; };
		D33FF7F8254784F2000682AB /* ContentView.swift */ = {isa = PBXFileReference; lastKnownFileType = sourcecode.swift; path = ContentView.swift; sourceTree = "<group>"; };
		D33FF7FA254784F3000682AB /* Assets.xcassets */ = {isa = PBXFileReference; lastKnownFileType = folder.assetcatalog; path = Assets.xcassets; sourceTree = "<group>"; };
		D33FF7FD254784F3000682AB /* Preview Assets.xcassets */ = {isa = PBXFileReference; lastKnownFileType = folder.assetcatalog; path = "Preview Assets.xcassets"; sourceTree = "<group>"; };
		D33FF7FF254784F3000682AB /* Info.plist */ = {isa = PBXFileReference; lastKnownFileType = text.plist.xml; path = Info.plist; sourceTree = "<group>"; };
		D33FF80725478516000682AB /* 1XcodeWarnings.xcconfig */ = {isa = PBXFileReference; fileEncoding = 4; lastKnownFileType = text.xcconfig; path = 1XcodeWarnings.xcconfig; sourceTree = "<group>"; };
		D33FF80A25478535000682AB /* 2Common.xcconfig */ = {isa = PBXFileReference; lastKnownFileType = text.xcconfig; path = 2Common.xcconfig; sourceTree = "<group>"; };
		D33FF80B25478535000682AB /* App-Debug.xcconfig */ = {isa = PBXFileReference; lastKnownFileType = text.xcconfig; path = "App-Debug.xcconfig"; sourceTree = "<group>"; };
		D33FF80C25478535000682AB /* App-Release.xcconfig */ = {isa = PBXFileReference; lastKnownFileType = text.xcconfig; path = "App-Release.xcconfig"; sourceTree = "<group>"; };
		D33FF80D25478535000682AB /* App-Shared.xcconfig */ = {isa = PBXFileReference; lastKnownFileType = text.xcconfig; path = "App-Shared.xcconfig"; sourceTree = "<group>"; };
		D365A52B254B23170039247B /* HomeView.swift */ = {isa = PBXFileReference; lastKnownFileType = sourcecode.swift; path = HomeView.swift; sourceTree = "<group>"; };
		D365A52E254B23CA0039247B /* ProjectsView.swift */ = {isa = PBXFileReference; lastKnownFileType = sourcecode.swift; path = ProjectsView.swift; sourceTree = "<group>"; };
		D3726DCE25533383004B281F /* Item+CoreDataHelpers.swift */ = {isa = PBXFileReference; lastKnownFileType = sourcecode.swift; path = "Item+CoreDataHelpers.swift"; sourceTree = "<group>"; };
		D3726DD12553338B004B281F /* Project+CoreDataHelpers.swift */ = {isa = PBXFileReference; fileEncoding = 4; lastKnownFileType = sourcecode.swift; path = "Project+CoreDataHelpers.swift"; sourceTree = "<group>"; };
		D378A352254A03900056EC66 /* Main.xcdatamodel */ = {isa = PBXFileReference; lastKnownFileType = wrapper.xcdatamodel; path = Main.xcdatamodel; sourceTree = "<group>"; };
		D378A357254A09420056EC66 /* DataController.swift */ = {isa = PBXFileReference; lastKnownFileType = sourcecode.swift; path = DataController.swift; sourceTree = "<group>"; };
		D378A35A254A111A0056EC66 /* UltimatePortfolio.entitlements */ = {isa = PBXFileReference; lastKnownFileType = text.plist.entitlements; path = UltimatePortfolio.entitlements; sourceTree = "<group>"; };
		D378A35D254A11FB0056EC66 /* CloudKit.framework */ = {isa = PBXFileReference; lastKnownFileType = wrapper.framework; name = CloudKit.framework; path = Platforms/iPhoneOS.platform/Developer/SDKs/iPhoneOS14.1.sdk/System/Library/Frameworks/CloudKit.framework; sourceTree = DEVELOPER_DIR; };
		D3A42BC8257EF14500AEA544 /* en */ = {isa = PBXFileReference; lastKnownFileType = text.plist.strings; name = en; path = en.lproj/Localizable.strings; sourceTree = "<group>"; };
		D3A42BCB257EF14C00AEA544 /* es */ = {isa = PBXFileReference; lastKnownFileType = text.plist.strings; name = es; path = es.lproj/Localizable.strings; sourceTree = "<group>"; };
		D3A42BCD257EF1C900AEA544 /* en */ = {isa = PBXFileReference; lastKnownFileType = text.plist.stringsdict; name = en; path = en.lproj/Localizable.stringsdict; sourceTree = "<group>"; };
		D3A42BD0257EF1CD00AEA544 /* es */ = {isa = PBXFileReference; lastKnownFileType = text.plist.stringsdict; name = es; path = es.lproj/Localizable.stringsdict; sourceTree = "<group>"; };
		D3A42BD3257EF34B00AEA544 /* en */ = {isa = PBXFileReference; lastKnownFileType = text.json; name = en; path = en.lproj/Awards.json; sourceTree = "<group>"; };
		D3A42BD6257EF34E00AEA544 /* es */ = {isa = PBXFileReference; lastKnownFileType = text.json; name = es; path = es.lproj/Awards.json; sourceTree = "<group>"; };
		D3A6D60A258179D500AA3B69 /* ItemListView.swift */ = {isa = PBXFileReference; lastKnownFileType = sourcecode.swift; path = ItemListView.swift; sourceTree = "<group>"; };
		D3A6D60D25817ED600AA3B69 /* ProjectSummaryView.swift */ = {isa = PBXFileReference; lastKnownFileType = sourcecode.swift; path = ProjectSummaryView.swift; sourceTree = "<group>"; };
		D3B8E647258FD316001F119B /* build-script */ = {isa = PBXFileReference; lastKnownFileType = text.script.sh; path = "build-script"; sourceTree = "<group>"; };
		D3B8E648258FD316001F119B /* swiftlint-command */ = {isa = PBXFileReference; lastKnownFileType = text.script.sh; path = "swiftlint-command"; sourceTree = "<group>"; };
		D3B8E64B258FD347001F119B /* .swiftlint.yml */ = {isa = PBXFileReference; lastKnownFileType = text.yaml; path = .swiftlint.yml; sourceTree = "<group>"; };
		D3BCA75A2553030200EE536F /* README.md */ = {isa = PBXFileReference; lastKnownFileType = net.daringfireball.markdown; path = README.md; sourceTree = "<group>"; };
		D3C90A1925547A3200E3F485 /* EditItemView.swift */ = {isa = PBXFileReference; lastKnownFileType = sourcecode.swift; path = EditItemView.swift; sourceTree = "<group>"; };
		D3C90A1C25547FA500E3F485 /* ItemRowView.swift */ = {isa = PBXFileReference; lastKnownFileType = sourcecode.swift; path = ItemRowView.swift; sourceTree = "<group>"; };
		D3D074E9255A0F36008F0652 /* EditProjectView.swift */ = {isa = PBXFileReference; lastKnownFileType = sourcecode.swift; path = EditProjectView.swift; sourceTree = "<group>"; };
		D3DD42F8256876E300E4B742 /* SelectSomethingView.swift */ = {isa = PBXFileReference; lastKnownFileType = sourcecode.swift; path = SelectSomethingView.swift; sourceTree = "<group>"; };
		D3DD42FE25687C5600E4B742 /* Bundle+Extensions.swift */ = {isa = PBXFileReference; lastKnownFileType = sourcecode.swift; path = "Bundle+Extensions.swift"; sourceTree = "<group>"; };
		D3DD430225687DA000E4B742 /* Award.swift */ = {isa = PBXFileReference; lastKnownFileType = sourcecode.swift; path = Award.swift; sourceTree = "<group>"; };
		D3DD430525687E2700E4B742 /* AwardsView.swift */ = {isa = PBXFileReference; lastKnownFileType = sourcecode.swift; path = AwardsView.swift; sourceTree = "<group>"; };
		D3E13C6825B6534700400A21 /* UltimatePortfolioTests.xctest */ = {isa = PBXFileReference; explicitFileType = wrapper.cfbundle; includeInIndex = 0; path = UltimatePortfolioTests.xctest; sourceTree = BUILT_PRODUCTS_DIR; };
		D3E13C6A25B6534700400A21 /* BaseTestCase.swift */ = {isa = PBXFileReference; lastKnownFileType = sourcecode.swift; path = BaseTestCase.swift; sourceTree = "<group>"; };
		D3E13C6C25B6534700400A21 /* Info.plist */ = {isa = PBXFileReference; lastKnownFileType = text.plist.xml; path = Info.plist; sourceTree = "<group>"; };
		D3E13C7625B6560300400A21 /* AssetTests.swift */ = {isa = PBXFileReference; lastKnownFileType = sourcecode.swift; path = AssetTests.swift; sourceTree = "<group>"; };
/* End PBXFileReference section */

/* Begin PBXFrameworksBuildPhase section */
		D33FF7F0254784F2000682AB /* Frameworks */ = {
			isa = PBXFrameworksBuildPhase;
			buildActionMask = 2147483647;
			files = (
				D378A35E254A11FB0056EC66 /* CloudKit.framework in Frameworks */,
			);
			runOnlyForDeploymentPostprocessing = 0;
		};
		D3E13C6525B6534700400A21 /* Frameworks */ = {
			isa = PBXFrameworksBuildPhase;
			buildActionMask = 2147483647;
			files = (
			);
			runOnlyForDeploymentPostprocessing = 0;
		};
/* End PBXFrameworksBuildPhase section */

/* Begin PBXGroup section */
		D322F8CC25AE1F32009E21E1 /* Views */ = {
			isa = PBXGroup;
			children = (
				D33FF7F8254784F2000682AB /* ContentView.swift */,
				D365A52B254B23170039247B /* HomeView.swift */,
				D365A52E254B23CA0039247B /* ProjectsView.swift */,
				D3DD430525687E2700E4B742 /* AwardsView.swift */,
				D3A6D60A258179D500AA3B69 /* ItemListView.swift */,
				D3A6D60D25817ED600AA3B69 /* ProjectSummaryView.swift */,
				D3DD42F8256876E300E4B742 /* SelectSomethingView.swift */,
				D3C90A1C25547FA500E3F485 /* ItemRowView.swift */,
				D302DDA32555F1B20050E01E /* ProjectHeaderView.swift */,
				D3D074E9255A0F36008F0652 /* EditProjectView.swift */,
				D3C90A1925547A3200E3F485 /* EditItemView.swift */,
			);
			path = Views;
			sourceTree = "<group>";
		};
		D322F8CE25AE1F4B009E21E1 /* Models */ = {
			isa = PBXGroup;
			children = (
				D3A42BD4257EF34B00AEA544 /* Awards.json */,
				D3DD430225687DA000E4B742 /* Award.swift */,
				D378A351254A03900056EC66 /* Main.xcdatamodeld */,
				D3726DCE25533383004B281F /* Item+CoreDataHelpers.swift */,
				D3726DD12553338B004B281F /* Project+CoreDataHelpers.swift */,
			);
			path = Models;
			sourceTree = "<group>";
		};
		D322F8D025AE1F62009E21E1 /* Controllers */ = {
			isa = PBXGroup;
			children = (
				D378A357254A09420056EC66 /* DataController.swift */,
			);
			path = Controllers;
			sourceTree = "<group>";
		};
		D322F8D325AE1F7E009E21E1 /* Extensions */ = {
			isa = PBXGroup;
			children = (
				D302DDA02555C4F60050E01E /* Binding+Extensions.swift */,
				D313C8A62566FE0000D76302 /* Sequence+Extensions.swift */,
				D3DD42FE25687C5600E4B742 /* Bundle+Extensions.swift */,
				D312DCBE2579806E00F1CB4E /* Color+Extensions.swift */,
				D3131A1325BCD9C9004C9670 /* ProcessInfo+Extensions.swift */,
			);
			path = Extensions;
			sourceTree = "<group>";
		};
		D33FF7EA254784F2000682AB = {
			isa = PBXGroup;
			children = (
				D3BCA75A2553030200EE536F /* README.md */,
				D3B8E64B258FD347001F119B /* .swiftlint.yml */,
				D3B8E646258FD316001F119B /* Build-Phases */,
				D33FF80625478516000682AB /* XCConfig */,
				D33FF7F5254784F2000682AB /* UltimatePortfolio */,
				D3E13C6925B6534700400A21 /* UltimatePortfolioTests */,
				D33FF7F4254784F2000682AB /* Products */,
				D378A35C254A11FB0056EC66 /* Frameworks */,
			);
			sourceTree = "<group>";
		};
		D33FF7F4254784F2000682AB /* Products */ = {
			isa = PBXGroup;
			children = (
				D33FF7F3254784F2000682AB /* UltimatePortfolio.app */,
				D3E13C6825B6534700400A21 /* UltimatePortfolioTests.xctest */,
			);
			name = Products;
			sourceTree = "<group>";
		};
		D33FF7F5254784F2000682AB /* UltimatePortfolio */ = {
			isa = PBXGroup;
			children = (
				D33FF7F6254784F2000682AB /* UltimatePortfolioApp.swift */,
				D322F8CC25AE1F32009E21E1 /* Views */,
				D322F8D025AE1F62009E21E1 /* Controllers */,
				D322F8CE25AE1F4B009E21E1 /* Models */,
				D322F8D325AE1F7E009E21E1 /* Extensions */,
				D3A42BC9257EF14500AEA544 /* Localizable.strings */,
				D3A42BCE257EF1C900AEA544 /* Localizable.stringsdict */,
				D33FF7FA254784F3000682AB /* Assets.xcassets */,
				D302DDCD2555F56D0050E01E /* Colors.xcassets */,
				D33FF7FF254784F3000682AB /* Info.plist */,
				D378A35A254A111A0056EC66 /* UltimatePortfolio.entitlements */,
				D33FF7FC254784F3000682AB /* Preview Content */,
			);
			path = UltimatePortfolio;
			sourceTree = "<group>";
		};
		D33FF7FC254784F3000682AB /* Preview Content */ = {
			isa = PBXGroup;
			children = (
				D33FF7FD254784F3000682AB /* Preview Assets.xcassets */,
			);
			path = "Preview Content";
			sourceTree = "<group>";
		};
		D33FF80625478516000682AB /* XCConfig */ = {
			isa = PBXGroup;
			children = (
				D33FF80725478516000682AB /* 1XcodeWarnings.xcconfig */,
				D33FF80A25478535000682AB /* 2Common.xcconfig */,
				D33FF80B25478535000682AB /* App-Debug.xcconfig */,
				D33FF80C25478535000682AB /* App-Release.xcconfig */,
				D33FF80D25478535000682AB /* App-Shared.xcconfig */,
			);
			path = XCConfig;
			sourceTree = "<group>";
		};
		D378A35C254A11FB0056EC66 /* Frameworks */ = {
			isa = PBXGroup;
			children = (
				D378A35D254A11FB0056EC66 /* CloudKit.framework */,
			);
			name = Frameworks;
			sourceTree = "<group>";
		};
		D3B8E646258FD316001F119B /* Build-Phases */ = {
			isa = PBXGroup;
			children = (
				D3B8E647258FD316001F119B /* build-script */,
				D3B8E648258FD316001F119B /* swiftlint-command */,
			);
			path = "Build-Phases";
			sourceTree = "<group>";
		};
		D3E13C6925B6534700400A21 /* UltimatePortfolioTests */ = {
			isa = PBXGroup;
			children = (
				D3E13C7625B6560300400A21 /* AssetTests.swift */,
				D3E13C6A25B6534700400A21 /* BaseTestCase.swift */,
				D3131A0D25BCD606004C9670 /* ProjectTests.swift */,
				D3131A1925BCDD19004C9670 /* AwardTests.swift */,
				D3E13C6C25B6534700400A21 /* Info.plist */,
			);
			path = UltimatePortfolioTests;
			sourceTree = "<group>";
		};
/* End PBXGroup section */

/* Begin PBXNativeTarget section */
		D33FF7F2254784F2000682AB /* UltimatePortfolio */ = {
			isa = PBXNativeTarget;
			buildConfigurationList = D33FF802254784F3000682AB /* Build configuration list for PBXNativeTarget "UltimatePortfolio" */;
			buildPhases = (
				D3B8E644258FD2E3001F119B /* swiftlint */,
				D33FF7EF254784F2000682AB /* Sources */,
				D33FF7F0254784F2000682AB /* Frameworks */,
				D33FF7F1254784F2000682AB /* Resources */,
			);
			buildRules = (
			);
			dependencies = (
			);
			name = UltimatePortfolio;
			productName = UltimatePortfolio;
			productReference = D33FF7F3254784F2000682AB /* UltimatePortfolio.app */;
			productType = "com.apple.product-type.application";
		};
		D3E13C6725B6534700400A21 /* UltimatePortfolioTests */ = {
			isa = PBXNativeTarget;
			buildConfigurationList = D3E13C7125B6534700400A21 /* Build configuration list for PBXNativeTarget "UltimatePortfolioTests" */;
			buildPhases = (
				D3E13C6425B6534700400A21 /* Sources */,
				D3E13C6525B6534700400A21 /* Frameworks */,
				D3E13C6625B6534700400A21 /* Resources */,
			);
			buildRules = (
			);
			dependencies = (
				D3E13C6E25B6534700400A21 /* PBXTargetDependency */,
			);
			name = UltimatePortfolioTests;
			productName = UltimatePortfolioTests;
			productReference = D3E13C6825B6534700400A21 /* UltimatePortfolioTests.xctest */;
			productType = "com.apple.product-type.bundle.unit-test";
		};
/* End PBXNativeTarget section */

/* Begin PBXProject section */
		D33FF7EB254784F2000682AB /* Project object */ = {
			isa = PBXProject;
			attributes = {
				LastSwiftUpdateCheck = 1230;
				LastUpgradeCheck = 1240;
				TargetAttributes = {
					D33FF7F2254784F2000682AB = {
						CreatedOnToolsVersion = 12.1;
					};
					D3E13C6725B6534700400A21 = {
						CreatedOnToolsVersion = 12.3;
						TestTargetID = D33FF7F2254784F2000682AB;
					};
				};
			};
			buildConfigurationList = D33FF7EE254784F2000682AB /* Build configuration list for PBXProject "UltimatePortfolio" */;
			compatibilityVersion = "Xcode 9.3";
			developmentRegion = en;
			hasScannedForEncodings = 0;
			knownRegions = (
				en,
				Base,
				es,
			);
			mainGroup = D33FF7EA254784F2000682AB;
			productRefGroup = D33FF7F4254784F2000682AB /* Products */;
			projectDirPath = "";
			projectRoot = "";
			targets = (
				D33FF7F2254784F2000682AB /* UltimatePortfolio */,
				D3E13C6725B6534700400A21 /* UltimatePortfolioTests */,
			);
		};
/* End PBXProject section */

/* Begin PBXResourcesBuildPhase section */
		D33FF7F1254784F2000682AB /* Resources */ = {
			isa = PBXResourcesBuildPhase;
			buildActionMask = 2147483647;
			files = (
				D33FF7FE254784F3000682AB /* Preview Assets.xcassets in Resources */,
				D3A42BC7257EF14500AEA544 /* Localizable.strings in Resources */,
				D3A42BD2257EF34B00AEA544 /* Awards.json in Resources */,
				D302DDCE2555F56D0050E01E /* Colors.xcassets in Resources */,
				D33FF80825478516000682AB /* 1XcodeWarnings.xcconfig in Resources */,
				D33FF7FB254784F3000682AB /* Assets.xcassets in Resources */,
				D3A42BCC257EF1C900AEA544 /* Localizable.stringsdict in Resources */,
			);
			runOnlyForDeploymentPostprocessing = 0;
		};
		D3E13C6625B6534700400A21 /* Resources */ = {
			isa = PBXResourcesBuildPhase;
			buildActionMask = 2147483647;
			files = (
			);
			runOnlyForDeploymentPostprocessing = 0;
		};
/* End PBXResourcesBuildPhase section */

/* Begin PBXShellScriptBuildPhase section */
		D3B8E644258FD2E3001F119B /* swiftlint */ = {
			isa = PBXShellScriptBuildPhase;
			buildActionMask = 2147483647;
			files = (
			);
			inputFileListPaths = (
			);
			inputPaths = (
			);
			name = swiftlint;
			outputFileListPaths = (
			);
			outputPaths = (
			);
			runOnlyForDeploymentPostprocessing = 0;
			shellPath = /bin/sh;
			shellScript = "$SRCROOT/Build-Phases/swiftlint-command\n";
		};
/* End PBXShellScriptBuildPhase section */

/* Begin PBXSourcesBuildPhase section */
		D33FF7EF254784F2000682AB /* Sources */ = {
			isa = PBXSourcesBuildPhase;
			buildActionMask = 2147483647;
			files = (
				D3726DD22553338B004B281F /* Project+CoreDataHelpers.swift in Sources */,
				D3A6D60E25817ED600AA3B69 /* ProjectSummaryView.swift in Sources */,
				D302DDA42555F1B20050E01E /* ProjectHeaderView.swift in Sources */,
				D3DD430625687E2700E4B742 /* AwardsView.swift in Sources */,
				D313C8A72566FE0000D76302 /* Sequence+Extensions.swift in Sources */,
				D365A52F254B23CB0039247B /* ProjectsView.swift in Sources */,
				D378A353254A03900056EC66 /* Main.xcdatamodeld in Sources */,
				D312DCBF2579806E00F1CB4E /* Color+Extensions.swift in Sources */,
				D3D074EA255A0F36008F0652 /* EditProjectView.swift in Sources */,
				D3DD42F9256876E300E4B742 /* SelectSomethingView.swift in Sources */,
				D3DD430325687DA000E4B742 /* Award.swift in Sources */,
				D3DD42FF25687C5600E4B742 /* Bundle+Extensions.swift in Sources */,
				D378A358254A09420056EC66 /* DataController.swift in Sources */,
				D3C90A1D25547FA500E3F485 /* ItemRowView.swift in Sources */,
				D33FF7F9254784F2000682AB /* ContentView.swift in Sources */,
				D365A52C254B23170039247B /* HomeView.swift in Sources */,
				D3A6D60B258179D500AA3B69 /* ItemListView.swift in Sources */,
				D33FF7F7254784F2000682AB /* UltimatePortfolioApp.swift in Sources */,
				D3726DCF25533383004B281F /* Item+CoreDataHelpers.swift in Sources */,
				D3131A1425BCD9C9004C9670 /* ProcessInfo+Extensions.swift in Sources */,
				D3C90A1A25547A3200E3F485 /* EditItemView.swift in Sources */,
				D302DDA12555C4F60050E01E /* Binding+Extensions.swift in Sources */,
			);
			runOnlyForDeploymentPostprocessing = 0;
		};
		D3E13C6425B6534700400A21 /* Sources */ = {
			isa = PBXSourcesBuildPhase;
			buildActionMask = 2147483647;
			files = (
				D3E13C7725B6560300400A21 /* AssetTests.swift in Sources */,
				D3131A1A25BCDD19004C9670 /* AwardTests.swift in Sources */,
				D3E13C6B25B6534700400A21 /* BaseTestCase.swift in Sources */,
				D3131A0E25BCD606004C9670 /* ProjectTests.swift in Sources */,
			);
			runOnlyForDeploymentPostprocessing = 0;
		};
/* End PBXSourcesBuildPhase section */

/* Begin PBXTargetDependency section */
		D3E13C6E25B6534700400A21 /* PBXTargetDependency */ = {
			isa = PBXTargetDependency;
			target = D33FF7F2254784F2000682AB /* UltimatePortfolio */;
			targetProxy = D3E13C6D25B6534700400A21 /* PBXContainerItemProxy */;
		};
/* End PBXTargetDependency section */

/* Begin PBXVariantGroup section */
		D3A42BC9257EF14500AEA544 /* Localizable.strings */ = {
			isa = PBXVariantGroup;
			children = (
				D3A42BC8257EF14500AEA544 /* en */,
				D3A42BCB257EF14C00AEA544 /* es */,
			);
			name = Localizable.strings;
			sourceTree = "<group>";
		};
		D3A42BCE257EF1C900AEA544 /* Localizable.stringsdict */ = {
			isa = PBXVariantGroup;
			children = (
				D3A42BCD257EF1C900AEA544 /* en */,
				D3A42BD0257EF1CD00AEA544 /* es */,
			);
			name = Localizable.stringsdict;
			sourceTree = "<group>";
		};
		D3A42BD4257EF34B00AEA544 /* Awards.json */ = {
			isa = PBXVariantGroup;
			children = (
				D3A42BD3257EF34B00AEA544 /* en */,
				D3A42BD6257EF34E00AEA544 /* es */,
			);
			name = Awards.json;
			sourceTree = "<group>";
		};
/* End PBXVariantGroup section */

/* Begin XCBuildConfiguration section */
		D33FF800254784F3000682AB /* Debug */ = {
			isa = XCBuildConfiguration;
			buildSettings = {
			};
			name = Debug;
		};
		D33FF801254784F3000682AB /* Release */ = {
			isa = XCBuildConfiguration;
			buildSettings = {
			};
			name = Release;
		};
		D33FF803254784F3000682AB /* Debug */ = {
			isa = XCBuildConfiguration;
			baseConfigurationReference = D33FF80B25478535000682AB /* App-Debug.xcconfig */;
			buildSettings = {
			};
			name = Debug;
		};
		D33FF804254784F3000682AB /* Release */ = {
			isa = XCBuildConfiguration;
			baseConfigurationReference = D33FF80C25478535000682AB /* App-Release.xcconfig */;
			buildSettings = {
			};
			name = Release;
		};
		D3E13C6F25B6534700400A21 /* Debug */ = {
			isa = XCBuildConfiguration;
			buildSettings = {
				ALWAYS_SEARCH_USER_PATHS = NO;
				BUNDLE_LOADER = "$(TEST_HOST)";
				CLANG_ANALYZER_NONNULL = YES;
				CLANG_ANALYZER_NUMBER_OBJECT_CONVERSION = YES_AGGRESSIVE;
				CLANG_CXX_LANGUAGE_STANDARD = "gnu++14";
				CLANG_CXX_LIBRARY = "libc++";
				CLANG_ENABLE_MODULES = YES;
				CLANG_ENABLE_OBJC_ARC = YES;
				CLANG_ENABLE_OBJC_WEAK = YES;
				CLANG_WARN_BLOCK_CAPTURE_AUTORELEASING = YES;
				CLANG_WARN_BOOL_CONVERSION = YES;
				CLANG_WARN_COMMA = YES;
				CLANG_WARN_CONSTANT_CONVERSION = YES;
				CLANG_WARN_DEPRECATED_OBJC_IMPLEMENTATIONS = YES;
				CLANG_WARN_DIRECT_OBJC_ISA_USAGE = YES_ERROR;
				CLANG_WARN_DOCUMENTATION_COMMENTS = YES;
				CLANG_WARN_EMPTY_BODY = YES;
				CLANG_WARN_ENUM_CONVERSION = YES;
				CLANG_WARN_INFINITE_RECURSION = YES;
				CLANG_WARN_INT_CONVERSION = YES;
				CLANG_WARN_NON_LITERAL_NULL_CONVERSION = YES;
				CLANG_WARN_OBJC_IMPLICIT_RETAIN_SELF = YES;
				CLANG_WARN_OBJC_LITERAL_CONVERSION = YES;
				CLANG_WARN_OBJC_ROOT_CLASS = YES_ERROR;
				CLANG_WARN_QUOTED_INCLUDE_IN_FRAMEWORK_HEADER = YES;
				CLANG_WARN_RANGE_LOOP_ANALYSIS = YES;
				CLANG_WARN_STRICT_PROTOTYPES = YES;
				CLANG_WARN_SUSPICIOUS_MOVE = YES;
				CLANG_WARN_UNGUARDED_AVAILABILITY = YES_AGGRESSIVE;
				CLANG_WARN_UNREACHABLE_CODE = YES;
				CLANG_WARN__DUPLICATE_METHOD_MATCH = YES;
				CODE_SIGN_STYLE = Automatic;
				COPY_PHASE_STRIP = NO;
				DEBUG_INFORMATION_FORMAT = dwarf;
				DEVELOPMENT_TEAM = 2WW9KC8P4G;
				ENABLE_STRICT_OBJC_MSGSEND = YES;
				ENABLE_TESTABILITY = YES;
				GCC_C_LANGUAGE_STANDARD = gnu11;
				GCC_DYNAMIC_NO_PIC = NO;
				GCC_NO_COMMON_BLOCKS = YES;
				GCC_OPTIMIZATION_LEVEL = 0;
				GCC_PREPROCESSOR_DEFINITIONS = (
					"DEBUG=1",
					"$(inherited)",
				);
				GCC_WARN_64_TO_32_BIT_CONVERSION = YES;
				GCC_WARN_ABOUT_RETURN_TYPE = YES_ERROR;
				GCC_WARN_UNDECLARED_SELECTOR = YES;
				GCC_WARN_UNINITIALIZED_AUTOS = YES_AGGRESSIVE;
				GCC_WARN_UNUSED_FUNCTION = YES;
				GCC_WARN_UNUSED_VARIABLE = YES;
				INFOPLIST_FILE = UltimatePortfolioTests/Info.plist;
				IPHONEOS_DEPLOYMENT_TARGET = 14.3;
				LD_RUNPATH_SEARCH_PATHS = (
					"$(inherited)",
					"@executable_path/Frameworks",
					"@loader_path/Frameworks",
				);
				MTL_ENABLE_DEBUG_INFO = INCLUDE_SOURCE;
				MTL_FAST_MATH = YES;
				ONLY_ACTIVE_ARCH = YES;
				PRODUCT_BUNDLE_IDENTIFIER = com.iliosinc.UltimatePortfolioTests;
				PRODUCT_NAME = "$(TARGET_NAME)";
				SDKROOT = iphoneos;
				SWIFT_ACTIVE_COMPILATION_CONDITIONS = DEBUG;
				SWIFT_OPTIMIZATION_LEVEL = "-Onone";
				SWIFT_VERSION = 5.0;
				TARGETED_DEVICE_FAMILY = "1,2";
				TEST_HOST = "$(BUILT_PRODUCTS_DIR)/UltimatePortfolio.app/UltimatePortfolio";
			};
			name = Debug;
		};
		D3E13C7025B6534700400A21 /* Release */ = {
			isa = XCBuildConfiguration;
			buildSettings = {
				ALWAYS_SEARCH_USER_PATHS = NO;
				BUNDLE_LOADER = "$(TEST_HOST)";
				CLANG_ANALYZER_NONNULL = YES;
				CLANG_ANALYZER_NUMBER_OBJECT_CONVERSION = YES_AGGRESSIVE;
				CLANG_CXX_LANGUAGE_STANDARD = "gnu++14";
				CLANG_CXX_LIBRARY = "libc++";
				CLANG_ENABLE_MODULES = YES;
				CLANG_ENABLE_OBJC_ARC = YES;
				CLANG_ENABLE_OBJC_WEAK = YES;
				CLANG_WARN_BLOCK_CAPTURE_AUTORELEASING = YES;
				CLANG_WARN_BOOL_CONVERSION = YES;
				CLANG_WARN_COMMA = YES;
				CLANG_WARN_CONSTANT_CONVERSION = YES;
				CLANG_WARN_DEPRECATED_OBJC_IMPLEMENTATIONS = YES;
				CLANG_WARN_DIRECT_OBJC_ISA_USAGE = YES_ERROR;
				CLANG_WARN_DOCUMENTATION_COMMENTS = YES;
				CLANG_WARN_EMPTY_BODY = YES;
				CLANG_WARN_ENUM_CONVERSION = YES;
				CLANG_WARN_INFINITE_RECURSION = YES;
				CLANG_WARN_INT_CONVERSION = YES;
				CLANG_WARN_NON_LITERAL_NULL_CONVERSION = YES;
				CLANG_WARN_OBJC_IMPLICIT_RETAIN_SELF = YES;
				CLANG_WARN_OBJC_LITERAL_CONVERSION = YES;
				CLANG_WARN_OBJC_ROOT_CLASS = YES_ERROR;
				CLANG_WARN_QUOTED_INCLUDE_IN_FRAMEWORK_HEADER = YES;
				CLANG_WARN_RANGE_LOOP_ANALYSIS = YES;
				CLANG_WARN_STRICT_PROTOTYPES = YES;
				CLANG_WARN_SUSPICIOUS_MOVE = YES;
				CLANG_WARN_UNGUARDED_AVAILABILITY = YES_AGGRESSIVE;
				CLANG_WARN_UNREACHABLE_CODE = YES;
				CLANG_WARN__DUPLICATE_METHOD_MATCH = YES;
				CODE_SIGN_STYLE = Automatic;
				COPY_PHASE_STRIP = NO;
				DEBUG_INFORMATION_FORMAT = "dwarf-with-dsym";
				DEVELOPMENT_TEAM = 2WW9KC8P4G;
				ENABLE_NS_ASSERTIONS = NO;
				ENABLE_STRICT_OBJC_MSGSEND = YES;
				GCC_C_LANGUAGE_STANDARD = gnu11;
				GCC_NO_COMMON_BLOCKS = YES;
				GCC_WARN_64_TO_32_BIT_CONVERSION = YES;
				GCC_WARN_ABOUT_RETURN_TYPE = YES_ERROR;
				GCC_WARN_UNDECLARED_SELECTOR = YES;
				GCC_WARN_UNINITIALIZED_AUTOS = YES_AGGRESSIVE;
				GCC_WARN_UNUSED_FUNCTION = YES;
				GCC_WARN_UNUSED_VARIABLE = YES;
				INFOPLIST_FILE = UltimatePortfolioTests/Info.plist;
				IPHONEOS_DEPLOYMENT_TARGET = 14.3;
				LD_RUNPATH_SEARCH_PATHS = (
					"$(inherited)",
					"@executable_path/Frameworks",
					"@loader_path/Frameworks",
				);
				MTL_ENABLE_DEBUG_INFO = NO;
				MTL_FAST_MATH = YES;
				PRODUCT_BUNDLE_IDENTIFIER = com.iliosinc.UltimatePortfolioTests;
				PRODUCT_NAME = "$(TARGET_NAME)";
				SDKROOT = iphoneos;
				SWIFT_COMPILATION_MODE = wholemodule;
				SWIFT_OPTIMIZATION_LEVEL = "-O";
				SWIFT_VERSION = 5.0;
				TARGETED_DEVICE_FAMILY = "1,2";
				TEST_HOST = "$(BUILT_PRODUCTS_DIR)/UltimatePortfolio.app/UltimatePortfolio";
				VALIDATE_PRODUCT = YES;
			};
			name = Release;
		};
/* End XCBuildConfiguration section */

/* Begin XCConfigurationList section */
		D33FF7EE254784F2000682AB /* Build configuration list for PBXProject "UltimatePortfolio" */ = {
			isa = XCConfigurationList;
			buildConfigurations = (
				D33FF800254784F3000682AB /* Debug */,
				D33FF801254784F3000682AB /* Release */,
			);
			defaultConfigurationIsVisible = 0;
			defaultConfigurationName = Release;
		};
		D33FF802254784F3000682AB /* Build configuration list for PBXNativeTarget "UltimatePortfolio" */ = {
			isa = XCConfigurationList;
			buildConfigurations = (
				D33FF803254784F3000682AB /* Debug */,
				D33FF804254784F3000682AB /* Release */,
			);
			defaultConfigurationIsVisible = 0;
			defaultConfigurationName = Release;
		};
		D3E13C7125B6534700400A21 /* Build configuration list for PBXNativeTarget "UltimatePortfolioTests" */ = {
			isa = XCConfigurationList;
			buildConfigurations = (
				D3E13C6F25B6534700400A21 /* Debug */,
				D3E13C7025B6534700400A21 /* Release */,
			);
			defaultConfigurationIsVisible = 0;
			defaultConfigurationName = Release;
		};
/* End XCConfigurationList section */

/* Begin XCVersionGroup section */
		D378A351254A03900056EC66 /* Main.xcdatamodeld */ = {
			isa = XCVersionGroup;
			children = (
				D378A352254A03900056EC66 /* Main.xcdatamodel */,
			);
			currentVersion = D378A352254A03900056EC66 /* Main.xcdatamodel */;
			path = Main.xcdatamodeld;
			sourceTree = "<group>";
			versionGroupType = wrapper.xcdatamodel;
		};
/* End XCVersionGroup section */
	};
	rootObject = D33FF7EB254784F2000682AB /* Project object */;
}
